
Microsoft Visual Studio Solution File, Format Version 12.00
# Visual Studio Version 17
VisualStudioVersion = 17.13.35931.197 d17.13
MinimumVisualStudioVersion = 10.0.40219.1
Project("{FAE04EC0-301F-11D3-BF4B-00C04F79EFBC}") = "MFAApp", "MFAApp.csproj", "{0CB42317-3909-4B23-866B-DDA570DAD725}"
EndProject
Global
	GlobalSection(SolutionConfigurationPlatforms) = preSolution
		Debug|Any CPU = Debug|Any CPU
		Release|Any CPU = Release|Any CPU
	EndGlobalSection
	GlobalSection(ProjectConfigurationPlatforms) = postSolution
		{0CB42317-3909-4B23-866B-DDA570DAD725}.Debug|Any CPU.ActiveCfg = Debug|Any CPU
		{0CB42317-3909-4B23-866B-DDA570DAD725}.Debug|Any CPU.Build.0 = Debug|Any CPU
		{0CB42317-3909-4B23-866B-DDA570DAD725}.Release|Any CPU.ActiveCfg = Release|Any CPU
		{0CB42317-3909-4B23-866B-DDA570DAD725}.Release|Any CPU.Build.0 = Release|Any CPU
	EndGlobalSection
	GlobalSection(SolutionProperties) = preSolution
		HideSolutionNode = FALSE
	EndGlobalSection
	GlobalSection(ExtensibilityGlobals) = postSolution
		SolutionGuid = {BA85DFB7-5B58-4515-9E90-B68D31048FFD}
	EndGlobalSection
EndGlobal
